
Microsoft Visual Studio Solution File, Format Version 12.00
# Visual Studio 2012
Project("{FAE04EC0-301F-11D3-BF4B-00C04F79EFBC}") = "BolterInterface", "BolterInterface\BolterInterface.csproj", "{9A992F5F-B794-4C3D-88A3-9A582FC1A8D4}"
EndProject
Project("{FAE04EC0-301F-11D3-BF4B-00C04F79EFBC}") = "BolterLib", "BolterLib\BolterLib.csproj", "{7436B1AE-7A25-4EA7-B858-8242DE2983A2}"
	ProjectSection(ProjectDependencies) = postProject
		{9A992F5F-B794-4C3D-88A3-9A582FC1A8D4} = {9A992F5F-B794-4C3D-88A3-9A582FC1A8D4}
	EndProjectSection
EndProject
Project("{FAE04EC0-301F-11D3-BF4B-00C04F79EFBC}") = "ScriptSheet", "ScriptSheet\ScriptSheet.csproj", "{FA048BF6-6648-44C4-89DC-C2DF2BF98192}"
EndProject
Project("{FAE04EC0-301F-11D3-BF4B-00C04F79EFBC}") = "GatherEx", "..\bolterv2bak\BolterV2\GatherEx\GatherEx.csproj", "{DD753A29-C643-4801-A8BA-3FCAE8B8880E}"
EndProject
Global
	GlobalSection(SolutionConfigurationPlatforms) = preSolution
		Debug|Any CPU = Debug|Any CPU
		Release|Any CPU = Release|Any CPU
	EndGlobalSection
	GlobalSection(ProjectConfigurationPlatforms) = postSolution
		{9A992F5F-B794-4C3D-88A3-9A582FC1A8D4}.Debug|Any CPU.ActiveCfg = Debug|Any CPU
		{9A992F5F-B794-4C3D-88A3-9A582FC1A8D4}.Debug|Any CPU.Build.0 = Debug|Any CPU
		{9A992F5F-B794-4C3D-88A3-9A582FC1A8D4}.Release|Any CPU.ActiveCfg = Release|Any CPU
		{9A992F5F-B794-4C3D-88A3-9A582FC1A8D4}.Release|Any CPU.Build.0 = Release|Any CPU
		{7436B1AE-7A25-4EA7-B858-8242DE2983A2}.Debug|Any CPU.ActiveCfg = Debug|Any CPU
		{7436B1AE-7A25-4EA7-B858-8242DE2983A2}.Debug|Any CPU.Build.0 = Debug|Any CPU
		{7436B1AE-7A25-4EA7-B858-8242DE2983A2}.Release|Any CPU.ActiveCfg = Release|Any CPU
		{7436B1AE-7A25-4EA7-B858-8242DE2983A2}.Release|Any CPU.Build.0 = Release|Any CPU
		{FA048BF6-6648-44C4-89DC-C2DF2BF98192}.Debug|Any CPU.ActiveCfg = Debug|Any CPU
		{FA048BF6-6648-44C4-89DC-C2DF2BF98192}.Release|Any CPU.ActiveCfg = Release|Any CPU
		{FA048BF6-6648-44C4-89DC-C2DF2BF98192}.Release|Any CPU.Build.0 = Release|Any CPU
		{DD753A29-C643-4801-A8BA-3FCAE8B8880E}.Debug|Any CPU.ActiveCfg = Debug|Any CPU
		{DD753A29-C643-4801-A8BA-3FCAE8B8880E}.Release|Any CPU.ActiveCfg = Release|Any CPU
		{DD753A29-C643-4801-A8BA-3FCAE8B8880E}.Release|Any CPU.Build.0 = Release|Any CPU
	EndGlobalSection
	GlobalSection(SolutionProperties) = preSolution
		HideSolutionNode = FALSE
	EndGlobalSection
EndGlobal
